
Microsoft Visual Studio Solution File, Format Version 12.00
# Visual Studio 15
VisualStudioVersion = 15.0.28010.2046
MinimumVisualStudioVersion = 10.0.40219.1
Project("{2150E333-8FDC-42A3-9474-1A3956D46DE8}") = "Solution Items", "Solution Items", "{99DC8849-48A2-4CF1-A9D9-BE9A19995349}"
	ProjectSection(SolutionItems) = preProject
		README_Requirements.md = README_Requirements.md
	EndProjectSection
EndProject
Global
	GlobalSection(SolutionProperties) = preSolution
		HideSolutionNode = FALSE
	EndGlobalSection
	GlobalSection(ExtensibilityGlobals) = postSolution
		SolutionGuid = {62543D16-F082-4832-83A3-C7765605DFA3}
	EndGlobalSection
EndGlobal
